github.com/blugelabs/blance v1.0.0 h1:h52QrOwkJWUvAeNu8iJzTRq9yWYEquVskgo5gQ5khJM=
github.com/blugelabs/blance v1.0.0/go.mod h1:meBx9rfziyLmLsp5CtRqG8L+7JuvVrsLuj4SoyoBBQE=
github.com/elazarl/go-bindata-assetfs v1.0.0 h1:G/bYguwHIzWq9ZoyUQqrjTmJbbYn3j3CKKpKinvZLFk=
github.com/elazarl/go-bindata-assetfs v1.0.0/go.mod h1:v+YaWX3bdea5J/mo8dSETolEo7R71Vk1u8bnjau5yw4=
github.com/gorilla/context v0.0.0-20141217160251-215affda49ad h1:wJwKN6X6iRRVnjdBgrkWjhBOvYm7yw5boqXwFUnBtbE=
github.com/gorilla/context v0.0.0-20141217160251-215affda49ad/go.mod h1:kBGZzfjB9CEq2AlWe17Uuf7NDRt0dE0s8S51q0aT7Yg=
github.com/gorilla/mux v1.4.1-0.20170524010104-043ee6597c29 h1:NtqwqlshtdtTkC3nFy5SdTCI+cSrwlcrS/gJsUt/at0=
github.com/gorilla/mux v1.4.1-0.20170524010104-043ee6597c29/go.mod h1:1lud6UwP+6orDFRuTfBEV8e9/aOM/c4fVVCaMa2zaAs=
github.com/rcrowley/go-metrics v0.0.0-20141108142129-dee209f2455f h1:dfcuI1ZZzn8OXb0mYeJFo/0FzL/9eXT/sEzogrOzGc8=
github.com/rcrowley/go-metrics v0.0.0-20141108142129-dee209f2455f/go.mod h1:bCqnVzQkZxMG4s8nGwiZ5l3QUCyqpo9Y+/ZMZ9VjZe4=
golang.org/x/net v0.0.0-20180120141536-44b7c21cbf19 h1:igP4+IMMAMLbX8yJLBMAry9dtsBlgPU6OXNp3IRhTt4=
golang.org/x/net v0.0.0-20180120141536-44b7c21cbf19/go.mod h1:mL1N/T3taQHkDXs73rZJwtUhF3w3ftmwwsq0BUmARs4=
